// !$*UTF8*$!
{
	archiveVersion = 1;
	classes = {
	};
	objectVersion = 50;
	objects = {

/* Begin PBXBuildFile section */
		96311FD92517D65300C628AE /* ModelDataSource.swift in Sources */ = {isa = PBXBuildFile; fileRef = 96311FD82517D65300C628AE /* ModelDataSource.swift */; };
		96311FDB2517D75E00C628AE /* HistoryViewController.swift in Sources */ = {isa = PBXBuildFile; fileRef = 96311FDA2517D75E00C628AE /* HistoryViewController.swift */; };
		964A476024C9C7DD006EF187 /* InfoPlist.strings in Resources */ = {isa = PBXBuildFile; fileRef = 964A475F24C9C7DD006EF187 /* InfoPlist.strings */; };
		964A476624C9FC38006EF187 /* VisualEffectViewWithRoundCorners.swift in Sources */ = {isa = PBXBuildFile; fileRef = 964A476524C9FC37006EF187 /* VisualEffectViewWithRoundCorners.swift */; };
		964A476824CAFE8F006EF187 /* Song.swift in Sources */ = {isa = PBXBuildFile; fileRef = 964A476724CAFE8F006EF187 /* Song.swift */; };
		964A476B24CB2952006EF187 /* Localizable.strings in Resources */ = {isa = PBXBuildFile; fileRef = 964A476D24CB2952006EF187 /* Localizable.strings */; };
		969037A624D1C11100C9F9A3 /* SongModel.swift in Sources */ = {isa = PBXBuildFile; fileRef = 969037A524D1C11100C9F9A3 /* SongModel.swift */; };
		96A2A4F724C0612F009F38B7 /* AppDelegate.swift in Sources */ = {isa = PBXBuildFile; fileRef = 96A2A4F624C0612F009F38B7 /* AppDelegate.swift */; };
		96A2A4F924C0612F009F38B7 /* TrackViewController.swift in Sources */ = {isa = PBXBuildFile; fileRef = 96A2A4F824C0612F009F38B7 /* TrackViewController.swift */; };
		96A2A4FB24C06130009F38B7 /* Assets.xcassets in Resources */ = {isa = PBXBuildFile; fileRef = 96A2A4FA24C06130009F38B7 /* Assets.xcassets */; };
		96A2A4FE24C06130009F38B7 /* Main.storyboard in Resources */ = {isa = PBXBuildFile; fileRef = 96A2A4FC24C06130009F38B7 /* Main.storyboard */; };
		96F951A624C1847F00ED26D6 /* EventMonitor.swift in Sources */ = {isa = PBXBuildFile; fileRef = 96F951A524C1847F00ED26D6 /* EventMonitor.swift */; };
		96F951DD24C8AA0800ED26D6 /* SpotifyScripts.swift in Sources */ = {isa = PBXBuildFile; fileRef = 96F951DC24C8AA0800ED26D6 /* SpotifyScripts.swift */; };
/* End PBXBuildFile section */

/* Begin PBXFileReference section */
		96311FD82517D65300C628AE /* ModelDataSource.swift */ = {isa = PBXFileReference; lastKnownFileType = sourcecode.swift; path = ModelDataSource.swift; sourceTree = "<group>"; };
		96311FDA2517D75E00C628AE /* HistoryViewController.swift */ = {isa = PBXFileReference; lastKnownFileType = sourcecode.swift; path = HistoryViewController.swift; sourceTree = "<group>"; };
		96311FDC2517ED5100C628AE /* en */ = {isa = PBXFileReference; lastKnownFileType = text.plist.strings; name = en; path = en.lproj/Main.strings; sourceTree = "<group>"; };
		964A475F24C9C7DD006EF187 /* InfoPlist.strings */ = {isa = PBXFileReference; lastKnownFileType = text.plist.strings; path = InfoPlist.strings; sourceTree = "<group>"; };
		964A476524C9FC37006EF187 /* VisualEffectViewWithRoundCorners.swift */ = {isa = PBXFileReference; fileEncoding = 4; lastKnownFileType = sourcecode.swift; path = VisualEffectViewWithRoundCorners.swift; sourceTree = "<group>"; };
		964A476724CAFE8F006EF187 /* Song.swift */ = {isa = PBXFileReference; lastKnownFileType = sourcecode.swift; path = Song.swift; sourceTree = "<group>"; };
		964A476C24CB2952006EF187 /* en */ = {isa = PBXFileReference; lastKnownFileType = text.plist.strings; name = en; path = en.lproj/Localizable.strings; sourceTree = "<group>"; };
		969037A524D1C11100C9F9A3 /* SongModel.swift */ = {isa = PBXFileReference; lastKnownFileType = sourcecode.swift; path = SongModel.swift; sourceTree = "<group>"; };
		96A2A4F324C0612F009F38B7 /* SpotifyAgent.app */ = {isa = PBXFileReference; explicitFileType = wrapper.application; includeInIndex = 0; path = SpotifyAgent.app; sourceTree = BUILT_PRODUCTS_DIR; };
		96A2A4F624C0612F009F38B7 /* AppDelegate.swift */ = {isa = PBXFileReference; lastKnownFileType = sourcecode.swift; path = AppDelegate.swift; sourceTree = "<group>"; };
		96A2A4F824C0612F009F38B7 /* TrackViewController.swift */ = {isa = PBXFileReference; lastKnownFileType = sourcecode.swift; path = TrackViewController.swift; sourceTree = "<group>"; };
		96A2A4FA24C06130009F38B7 /* Assets.xcassets */ = {isa = PBXFileReference; lastKnownFileType = folder.assetcatalog; path = Assets.xcassets; sourceTree = "<group>"; };
		96A2A4FD24C06130009F38B7 /* Base */ = {isa = PBXFileReference; lastKnownFileType = file.storyboard; name = Base; path = Base.lproj/Main.storyboard; sourceTree = "<group>"; };
		96A2A4FF24C06130009F38B7 /* Info.plist */ = {isa = PBXFileReference; lastKnownFileType = text.plist.xml; path = Info.plist; sourceTree = "<group>"; };
		96A2A50024C06130009F38B7 /* SpotifyAgent.entitlements */ = {isa = PBXFileReference; lastKnownFileType = text.plist.entitlements; path = SpotifyAgent.entitlements; sourceTree = "<group>"; };
		96F951A524C1847F00ED26D6 /* EventMonitor.swift */ = {isa = PBXFileReference; lastKnownFileType = sourcecode.swift; path = EventMonitor.swift; sourceTree = "<group>"; };
		96F951DC24C8AA0800ED26D6 /* SpotifyScripts.swift */ = {isa = PBXFileReference; lastKnownFileType = sourcecode.swift; path = SpotifyScripts.swift; sourceTree = "<group>"; };
/* End PBXFileReference section */

/* Begin PBXFrameworksBuildPhase section */
		96A2A4F024C0612F009F38B7 /* Frameworks */ = {
			isa = PBXFrameworksBuildPhase;
			buildActionMask = 2147483647;
			files = (
			);
			runOnlyForDeploymentPostprocessing = 0;
		};
/* End PBXFrameworksBuildPhase section */

/* Begin PBXGroup section */
		96A2A4EA24C0612F009F38B7 = {
			isa = PBXGroup;
			children = (
				96A2A4F524C0612F009F38B7 /* SpotifyAgent */,
				96A2A4F424C0612F009F38B7 /* Products */,
			);
			sourceTree = "<group>";
		};
		96A2A4F424C0612F009F38B7 /* Products */ = {
			isa = PBXGroup;
			children = (
				96A2A4F324C0612F009F38B7 /* SpotifyAgent.app */,
			);
			name = Products;
			sourceTree = "<group>";
		};
		96A2A4F524C0612F009F38B7 /* SpotifyAgent */ = {
			isa = PBXGroup;
			children = (
				964A476524C9FC37006EF187 /* VisualEffectViewWithRoundCorners.swift */,
				96A2A4F624C0612F009F38B7 /* AppDelegate.swift */,
				96A2A4F824C0612F009F38B7 /* TrackViewController.swift */,
				969037A524D1C11100C9F9A3 /* SongModel.swift */,
				964A476D24CB2952006EF187 /* Localizable.strings */,
				96F951A524C1847F00ED26D6 /* EventMonitor.swift */,
				96F951DC24C8AA0800ED26D6 /* SpotifyScripts.swift */,
				964A476724CAFE8F006EF187 /* Song.swift */,
				96A2A4FA24C06130009F38B7 /* Assets.xcassets */,
				96A2A4FC24C06130009F38B7 /* Main.storyboard */,
				96A2A4FF24C06130009F38B7 /* Info.plist */,
				96A2A50024C06130009F38B7 /* SpotifyAgent.entitlements */,
				964A475F24C9C7DD006EF187 /* InfoPlist.strings */,
				96311FD82517D65300C628AE /* ModelDataSource.swift */,
				96311FDA2517D75E00C628AE /* HistoryViewController.swift */,
			);
			path = SpotifyAgent;
			sourceTree = "<group>";
		};
/* End PBXGroup section */

/* Begin PBXNativeTarget section */
		96A2A4F224C0612F009F38B7 /* SpotifyAgent */ = {
			isa = PBXNativeTarget;
			buildConfigurationList = 96A2A50324C06130009F38B7 /* Build configuration list for PBXNativeTarget "SpotifyAgent" */;
			buildPhases = (
				96A2A4EF24C0612F009F38B7 /* Sources */,
				96A2A4F024C0612F009F38B7 /* Frameworks */,
				96A2A4F124C0612F009F38B7 /* Resources */,
				96311FDD2517F04000C628AE /* ShellScript */,
			);
			buildRules = (
			);
			dependencies = (
			);
			name = SpotifyAgent;
			productName = SpotifyAgent;
			productReference = 96A2A4F324C0612F009F38B7 /* SpotifyAgent.app */;
			productType = "com.apple.product-type.application";
		};
/* End PBXNativeTarget section */

/* Begin PBXProject section */
		96A2A4EB24C0612F009F38B7 /* Project object */ = {
			isa = PBXProject;
			attributes = {
				LastSwiftUpdateCheck = 1130;
				LastUpgradeCheck = 1130;
				ORGANIZATIONNAME = Work;
				TargetAttributes = {
					96A2A4F224C0612F009F38B7 = {
						CreatedOnToolsVersion = 11.3.1;
					};
				};
			};
			buildConfigurationList = 96A2A4EE24C0612F009F38B7 /* Build configuration list for PBXProject "SpotifyAgent" */;
			compatibilityVersion = "Xcode 9.3";
			developmentRegion = en;
			hasScannedForEncodings = 0;
			knownRegions = (
				en,
				Base,
			);
			mainGroup = 96A2A4EA24C0612F009F38B7;
			productRefGroup = 96A2A4F424C0612F009F38B7 /* Products */;
			projectDirPath = "";
			projectRoot = "";
			targets = (
				96A2A4F224C0612F009F38B7 /* SpotifyAgent */,
			);
		};
/* End PBXProject section */

/* Begin PBXResourcesBuildPhase section */
		96A2A4F124C0612F009F38B7 /* Resources */ = {
			isa = PBXResourcesBuildPhase;
			buildActionMask = 2147483647;
			files = (
				96A2A4FB24C06130009F38B7 /* Assets.xcassets in Resources */,
				964A476B24CB2952006EF187 /* Localizable.strings in Resources */,
				964A476024C9C7DD006EF187 /* InfoPlist.strings in Resources */,
				96A2A4FE24C06130009F38B7 /* Main.storyboard in Resources */,
			);
			runOnlyForDeploymentPostprocessing = 0;
		};
/* End PBXResourcesBuildPhase section */

/* Begin PBXShellScriptBuildPhase section */
		96311FDD2517F04000C628AE /* ShellScript */ = {
			isa = PBXShellScriptBuildPhase;
			buildActionMask = 2147483647;
			files = (
			);
			inputFileListPaths = (
			);
			inputPaths = (
			);
			outputFileListPaths = (
			);
			outputPaths = (
			);
			runOnlyForDeploymentPostprocessing = 0;
			shellPath = /bin/sh;
			shellScript = "if which bartycrouch > /dev/null; then\n    bartycrouch update -x\n    bartycrouch lint -x\nelse\n    echo \"warning: BartyCrouch not installed, download it from https://github.com/Flinesoft/BartyCrouch\"\nfi\n";
		};
/* End PBXShellScriptBuildPhase section */

/* Begin PBXSourcesBuildPhase section */
		96A2A4EF24C0612F009F38B7 /* Sources */ = {
			isa = PBXSourcesBuildPhase;
			buildActionMask = 2147483647;
			files = (
				964A476824CAFE8F006EF187 /* Song.swift in Sources */,
				96F951A624C1847F00ED26D6 /* EventMonitor.swift in Sources */,
				96F951DD24C8AA0800ED26D6 /* SpotifyScripts.swift in Sources */,
				969037A624D1C11100C9F9A3 /* SongModel.swift in Sources */,
				96311FD92517D65300C628AE /* ModelDataSource.swift in Sources */,
				96A2A4F924C0612F009F38B7 /* TrackViewController.swift in Sources */,
				96311FDB2517D75E00C628AE /* HistoryViewController.swift in Sources */,
				964A476624C9FC38006EF187 /* VisualEffectViewWithRoundCorners.swift in Sources */,
				96A2A4F724C0612F009F38B7 /* AppDelegate.swift in Sources */,
			);
			runOnlyForDeploymentPostprocessing = 0;
		};
/* End PBXSourcesBuildPhase section */

/* Begin PBXVariantGroup section */
		964A476D24CB2952006EF187 /* Localizable.strings */ = {
			isa = PBXVariantGroup;
			children = (
				964A476C24CB2952006EF187 /* en */,
			);
			name = Localizable.strings;
			sourceTree = "<group>";
		};
		96A2A4FC24C06130009F38B7 /* Main.storyboard */ = {
			isa = PBXVariantGroup;
			children = (
				96A2A4FD24C06130009F38B7 /* Base */,
				96311FDC2517ED5100C628AE /* en */,
			);
			name = Main.storyboard;
			sourceTree = "<group>";
		};
/* End PBXVariantGroup section */

/* Begin XCBuildConfiguration section */
		96A2A50124C06130009F38B7 /* Debug */ = {
			isa = XCBuildConfiguration;
			buildSettings = {
				ALWAYS_SEARCH_USER_PATHS = NO;
				CLANG_ANALYZER_LOCALIZABILITY_NONLOCALIZED = YES;
				CLANG_ANALYZER_NONNULL = YES;
				CLANG_ANALYZER_NUMBER_OBJECT_CONVERSION = YES_AGGRESSIVE;
				CLANG_CXX_LANGUAGE_STANDARD = "gnu++14";
				CLANG_CXX_LIBRARY = "libc++";
				CLANG_ENABLE_MODULES = YES;
				CLANG_ENABLE_OBJC_ARC = YES;
				CLANG_ENABLE_OBJC_WEAK = YES;
				CLANG_WARN_BLOCK_CAPTURE_AUTORELEASING = YES;
				CLANG_WARN_BOOL_CONVERSION = YES;
				CLANG_WARN_COMMA = YES;
				CLANG_WARN_CONSTANT_CONVERSION = YES;
				CLANG_WARN_DEPRECATED_OBJC_IMPLEMENTATIONS = YES;
				CLANG_WARN_DIRECT_OBJC_ISA_USAGE = YES_ERROR;
				CLANG_WARN_DOCUMENTATION_COMMENTS = YES;
				CLANG_WARN_EMPTY_BODY = YES;
				CLANG_WARN_ENUM_CONVERSION = YES;
				CLANG_WARN_INFINITE_RECURSION = YES;
				CLANG_WARN_INT_CONVERSION = YES;
				CLANG_WARN_NON_LITERAL_NULL_CONVERSION = YES;
				CLANG_WARN_OBJC_IMPLICIT_RETAIN_SELF = YES;
				CLANG_WARN_OBJC_LITERAL_CONVERSION = YES;
				CLANG_WARN_OBJC_ROOT_CLASS = YES_ERROR;
				CLANG_WARN_RANGE_LOOP_ANALYSIS = YES;
				CLANG_WARN_STRICT_PROTOTYPES = YES;
				CLANG_WARN_SUSPICIOUS_MOVE = YES;
				CLANG_WARN_UNGUARDED_AVAILABILITY = YES_AGGRESSIVE;
				CLANG_WARN_UNREACHABLE_CODE = YES;
				CLANG_WARN__DUPLICATE_METHOD_MATCH = YES;
				COPY_PHASE_STRIP = NO;
				DEBUG_INFORMATION_FORMAT = dwarf;
				ENABLE_STRICT_OBJC_MSGSEND = YES;
				ENABLE_TESTABILITY = YES;
				GCC_C_LANGUAGE_STANDARD = gnu11;
				GCC_DYNAMIC_NO_PIC = NO;
				GCC_NO_COMMON_BLOCKS = YES;
				GCC_OPTIMIZATION_LEVEL = 0;
				GCC_PREPROCESSOR_DEFINITIONS = (
					"DEBUG=1",
					"$(inherited)",
				);
				GCC_WARN_64_TO_32_BIT_CONVERSION = YES;
				GCC_WARN_ABOUT_RETURN_TYPE = YES_ERROR;
				GCC_WARN_UNDECLARED_SELECTOR = YES;
				GCC_WARN_UNINITIALIZED_AUTOS = YES_AGGRESSIVE;
				GCC_WARN_UNUSED_FUNCTION = YES;
				GCC_WARN_UNUSED_VARIABLE = YES;
				MACOSX_DEPLOYMENT_TARGET = 10.14;
				MTL_ENABLE_DEBUG_INFO = INCLUDE_SOURCE;
				MTL_FAST_MATH = YES;
				ONLY_ACTIVE_ARCH = YES;
				SDKROOT = macosx;
				SWIFT_ACTIVE_COMPILATION_CONDITIONS = DEBUG;
				SWIFT_OPTIMIZATION_LEVEL = "-Onone";
			};
			name = Debug;
		};
		96A2A50224C06130009F38B7 /* Release */ = {
			isa = XCBuildConfiguration;
			buildSettings = {
				ALWAYS_SEARCH_USER_PATHS = NO;
				CLANG_ANALYZER_LOCALIZABILITY_NONLOCALIZED = YES;
				CLANG_ANALYZER_NONNULL = YES;
				CLANG_ANALYZER_NUMBER_OBJECT_CONVERSION = YES_AGGRESSIVE;
				CLANG_CXX_LANGUAGE_STANDARD = "gnu++14";
				CLANG_CXX_LIBRARY = "libc++";
				CLANG_ENABLE_MODULES = YES;
				CLANG_ENABLE_OBJC_ARC = YES;
				CLANG_ENABLE_OBJC_WEAK = YES;
				CLANG_WARN_BLOCK_CAPTURE_AUTORELEASING = YES;
				CLANG_WARN_BOOL_CONVERSION = YES;
				CLANG_WARN_COMMA = YES;
				CLANG_WARN_CONSTANT_CONVERSION = YES;
				CLANG_WARN_DEPRECATED_OBJC_IMPLEMENTATIONS = YES;
				CLANG_WARN_DIRECT_OBJC_ISA_USAGE = YES_ERROR;
				CLANG_WARN_DOCUMENTATION_COMMENTS = YES;
				CLANG_WARN_EMPTY_BODY = YES;
				CLANG_WARN_ENUM_CONVERSION = YES;
				CLANG_WARN_INFINITE_RECURSION = YES;
				CLANG_WARN_INT_CONVERSION = YES;
				CLANG_WARN_NON_LITERAL_NULL_CONVERSION = YES;
				CLANG_WARN_OBJC_IMPLICIT_RETAIN_SELF = YES;
				CLANG_WARN_OBJC_LITERAL_CONVERSION = YES;
				CLANG_WARN_OBJC_ROOT_CLASS = YES_ERROR;
				CLANG_WARN_RANGE_LOOP_ANALYSIS = YES;
				CLANG_WARN_STRICT_PROTOTYPES = YES;
				CLANG_WARN_SUSPICIOUS_MOVE = YES;
				CLANG_WARN_UNGUARDED_AVAILABILITY = YES_AGGRESSIVE;
				CLANG_WARN_UNREACHABLE_CODE = YES;
				CLANG_WARN__DUPLICATE_METHOD_MATCH = YES;
				COPY_PHASE_STRIP = NO;
				DEBUG_INFORMATION_FORMAT = "dwarf-with-dsym";
				ENABLE_NS_ASSERTIONS = NO;
				ENABLE_STRICT_OBJC_MSGSEND = YES;
				GCC_C_LANGUAGE_STANDARD = gnu11;
				GCC_NO_COMMON_BLOCKS = YES;
				GCC_WARN_64_TO_32_BIT_CONVERSION = YES;
				GCC_WARN_ABOUT_RETURN_TYPE = YES_ERROR;
				GCC_WARN_UNDECLARED_SELECTOR = YES;
				GCC_WARN_UNINITIALIZED_AUTOS = YES_AGGRESSIVE;
				GCC_WARN_UNUSED_FUNCTION = YES;
				GCC_WARN_UNUSED_VARIABLE = YES;
				MACOSX_DEPLOYMENT_TARGET = 10.14;
				MTL_ENABLE_DEBUG_INFO = NO;
				MTL_FAST_MATH = YES;
				SDKROOT = macosx;
				SWIFT_COMPILATION_MODE = wholemodule;
				SWIFT_OPTIMIZATION_LEVEL = "-O";
			};
			name = Release;
		};
		96A2A50424C06130009F38B7 /* Debug */ = {
			isa = XCBuildConfiguration;
			buildSettings = {
				ASSETCATALOG_COMPILER_APPICON_NAME = AppIcon;
				CODE_SIGN_ENTITLEMENTS = SpotifyAgent/SpotifyAgent.entitlements;
				CODE_SIGN_STYLE = Automatic;
				COMBINE_HIDPI_IMAGES = YES;
				DEVELOPMENT_TEAM = "";
				ENABLE_HARDENED_RUNTIME = YES;
				INFOPLIST_FILE = SpotifyAgent/Info.plist;
				LD_RUNPATH_SEARCH_PATHS = (
					"$(inherited)",
					"@executable_path/../Frameworks",
				);
				PRODUCT_BUNDLE_IDENTIFIER = Miem.SpotifyAgent;
				PRODUCT_NAME = "$(TARGET_NAME)";
				SWIFT_VERSION = 5.0;
			};
			name = Debug;
		};
		96A2A50524C06130009F38B7 /* Release */ = {
			isa = XCBuildConfiguration;
			buildSettings = {
				ASSETCATALOG_COMPILER_APPICON_NAME = AppIcon;
				CODE_SIGN_ENTITLEMENTS = SpotifyAgent/SpotifyAgent.entitlements;
				CODE_SIGN_STYLE = Automatic;
				COMBINE_HIDPI_IMAGES = YES;
				DEVELOPMENT_TEAM = "";
				ENABLE_HARDENED_RUNTIME = YES;
				INFOPLIST_FILE = SpotifyAgent/Info.plist;
				LD_RUNPATH_SEARCH_PATHS = (
					"$(inherited)",
					"@executable_path/../Frameworks",
				);
				PRODUCT_BUNDLE_IDENTIFIER = Miem.SpotifyAgent;
				PRODUCT_NAME = "$(TARGET_NAME)";
				SWIFT_VERSION = 5.0;
			};
			name = Release;
		};
/* End XCBuildConfiguration section */

/* Begin XCConfigurationList section */
		96A2A4EE24C0612F009F38B7 /* Build configuration list for PBXProject "SpotifyAgent" */ = {
			isa = XCConfigurationList;
			buildConfigurations = (
				96A2A50124C06130009F38B7 /* Debug */,
				96A2A50224C06130009F38B7 /* Release */,
			);
			defaultConfigurationIsVisible = 0;
			defaultConfigurationName = Release;
		};
		96A2A50324C06130009F38B7 /* Build configuration list for PBXNativeTarget "SpotifyAgent" */ = {
			isa = XCConfigurationList;
			buildConfigurations = (
				96A2A50424C06130009F38B7 /* Debug */,
				96A2A50524C06130009F38B7 /* Release */,
			);
			defaultConfigurationIsVisible = 0;
			defaultConfigurationName = Release;
		};
/* End XCConfigurationList section */
	};
	rootObject = 96A2A4EB24C0612F009F38B7 /* Project object */;
}
